
Microsoft Visual Studio Solution File, Format Version 12.00
# Visual Studio Version 17
VisualStudioVersion = 17.7.34031.279
MinimumVisualStudioVersion = 10.0.40219.1
Project("{FAE04EC0-301F-11D3-BF4B-00C04F79EFBC}") = "eCommerce.WebAPI", "eCommerce.WebAPI\eCommerce.WebAPI.csproj", "{44D68541-DF5F-446D-8894-E59A4B6555CE}"
EndProject
Project("{FAE04EC0-301F-11D3-BF4B-00C04F79EFBC}") = "eCommerce.Services", "eCommerce.Services\eCommerce.Services.csproj", "{A622C209-FE29-4230-B28F-2562423266B0}"
EndProject
Project("{FAE04EC0-301F-11D3-BF4B-00C04F79EFBC}") = "eCommerce.Model", "eCommerce.Model\eCommerce.Model.csproj", "{BBC0B940-AD9D-4734-B09F-F944FDE318A2}"
EndProject
Global
	GlobalSection(SolutionConfigurationPlatforms) = preSolution
		Debug|Any CPU = Debug|Any CPU
		Release|Any CPU = Release|Any CPU
	EndGlobalSection
	GlobalSection(ProjectConfigurationPlatforms) = postSolution
		{44D68541-DF5F-446D-8894-E59A4B6555CE}.Debug|Any CPU.ActiveCfg = Debug|Any CPU
		{44D68541-DF5F-446D-8894-E59A4B6555CE}.Debug|Any CPU.Build.0 = Debug|Any CPU
		{44D68541-DF5F-446D-8894-E59A4B6555CE}.Release|Any CPU.ActiveCfg = Release|Any CPU
		{44D68541-DF5F-446D-8894-E59A4B6555CE}.Release|Any CPU.Build.0 = Release|Any CPU
		{A622C209-FE29-4230-B28F-2562423266B0}.Debug|Any CPU.ActiveCfg = Debug|Any CPU
		{A622C209-FE29-4230-B28F-2562423266B0}.Debug|Any CPU.Build.0 = Debug|Any CPU
		{A622C209-FE29-4230-B28F-2562423266B0}.Release|Any CPU.ActiveCfg = Release|Any CPU
		{A622C209-FE29-4230-B28F-2562423266B0}.Release|Any CPU.Build.0 = Release|Any CPU
		{BBC0B940-AD9D-4734-B09F-F944FDE318A2}.Debug|Any CPU.ActiveCfg = Debug|Any CPU
		{BBC0B940-AD9D-4734-B09F-F944FDE318A2}.Debug|Any CPU.Build.0 = Debug|Any CPU
		{BBC0B940-AD9D-4734-B09F-F944FDE318A2}.Release|Any CPU.ActiveCfg = Release|Any CPU
		{BBC0B940-AD9D-4734-B09F-F944FDE318A2}.Release|Any CPU.Build.0 = Release|Any CPU
	EndGlobalSection
	GlobalSection(SolutionProperties) = preSolution
		HideSolutionNode = FALSE
	EndGlobalSection
	GlobalSection(ExtensibilityGlobals) = postSolution
		SolutionGuid = {91199A02-5968-4F1A-B590-ADEE2E645443}
	EndGlobalSection
EndGlobal
